
Microsoft Visual Studio Solution File, Format Version 12.00
# Visual Studio Version 17
VisualStudioVersion = 17.11.35312.102
MinimumVisualStudioVersion = 10.0.40219.1
Project("{FAE04EC0-301F-11D3-BF4B-00C04F79EFBC}") = "PRS_Lab3-Server", "PRS_Lab3-Server\PRS_Lab3-Server.csproj", "{674B7854-D178-44EA-9D3F-5B9351C9815F}"
EndProject
Global
	GlobalSection(SolutionConfigurationPlatforms) = preSolution
		Debug|Any CPU = Debug|Any CPU
		Release|Any CPU = Release|Any CPU
	EndGlobalSection
	GlobalSection(ProjectConfigurationPlatforms) = postSolution
		{674B7854-D178-44EA-9D3F-5B9351C9815F}.Debug|Any CPU.ActiveCfg = Debug|Any CPU
		{674B7854-D178-44EA-9D3F-5B9351C9815F}.Debug|Any CPU.Build.0 = Debug|Any CPU
		{674B7854-D178-44EA-9D3F-5B9351C9815F}.Release|Any CPU.ActiveCfg = Release|Any CPU
		{674B7854-D178-44EA-9D3F-5B9351C9815F}.Release|Any CPU.Build.0 = Release|Any CPU
	EndGlobalSection
	GlobalSection(SolutionProperties) = preSolution
		HideSolutionNode = FALSE
	EndGlobalSection
	GlobalSection(ExtensibilityGlobals) = postSolution
		SolutionGuid = {8BD8A15A-853E-4E5F-95DC-432499EDE02D}
	EndGlobalSection
EndGlobal
